
Microsoft Visual Studio Solution File, Format Version 12.00
# Visual Studio Version 16
VisualStudioVersion = 16.0.28803.202
MinimumVisualStudioVersion = 10.0.40219.1
Project("{FAE04EC0-301F-11D3-BF4B-00C04F79EFBC}") = "curso-csharp-web", "curso-csharp-04\curso-csharp-web.csproj", "{4A0E432D-7106-43AA-B44E-993F4180B265}"
EndProject
Project("{FAE04EC0-301F-11D3-BF4B-00C04F79EFBC}") = "Console App", "ejemplo\Console App.csproj", "{2C7BAC03-D911-4B22-90F7-195598D50AD5}"
EndProject
Project("{FAE04EC0-301F-11D3-BF4B-00C04F79EFBC}") = "Utilidades", "ejemplos\Utilidades.csproj", "{BBF01E42-7D72-4DAA-8204-5D4050441C38}"
EndProject
Project("{FAE04EC0-301F-11D3-BF4B-00C04F79EFBC}") = "Entidades", "Entidades\Entidades.csproj", "{F6657E89-E4C7-403A-9898-585EA8EE3A30}"
EndProject
Project("{FAE04EC0-301F-11D3-BF4B-00C04F79EFBC}") = "Negocio", "Negocio\Negocio.csproj", "{D9ACA3F6-9AA7-42DA-BF6D-C5DE9D169547}"
EndProject
Project("{2150E333-8FDC-42A3-9474-1A3956D46DE8}") = "Estructura Draft", "Estructura Draft", "{7F22984A-7723-4734-9186-B22665F1E64D}"
EndProject
Project("{FAE04EC0-301F-11D3-BF4B-00C04F79EFBC}") = "draft.console", "draft\draft.console\draft.console.csproj", "{0040DA13-AE68-4F71-B810-E140DB7987A7}"
EndProject
Project("{FAE04EC0-301F-11D3-BF4B-00C04F79EFBC}") = "draft.negocio", "draft\draft.negocio\draft.negocio.csproj", "{A196E820-164F-400C-B0A0-7B08A3754A3E}"
EndProject
Project("{FAE04EC0-301F-11D3-BF4B-00C04F79EFBC}") = "draft.entity", "draft\draft.entity\draft.entity.csproj", "{031EFC32-7D87-4BB3-A519-70D9A228A9E4}"
EndProject
Global
	GlobalSection(SolutionConfigurationPlatforms) = preSolution
		Debug|Any CPU = Debug|Any CPU
		Release|Any CPU = Release|Any CPU
	EndGlobalSection
	GlobalSection(ProjectConfigurationPlatforms) = postSolution
		{4A0E432D-7106-43AA-B44E-993F4180B265}.Debug|Any CPU.ActiveCfg = Debug|Any CPU
		{4A0E432D-7106-43AA-B44E-993F4180B265}.Debug|Any CPU.Build.0 = Debug|Any CPU
		{4A0E432D-7106-43AA-B44E-993F4180B265}.Release|Any CPU.ActiveCfg = Release|Any CPU
		{4A0E432D-7106-43AA-B44E-993F4180B265}.Release|Any CPU.Build.0 = Release|Any CPU
		{2C7BAC03-D911-4B22-90F7-195598D50AD5}.Debug|Any CPU.ActiveCfg = Debug|Any CPU
		{2C7BAC03-D911-4B22-90F7-195598D50AD5}.Debug|Any CPU.Build.0 = Debug|Any CPU
		{2C7BAC03-D911-4B22-90F7-195598D50AD5}.Release|Any CPU.ActiveCfg = Release|Any CPU
		{2C7BAC03-D911-4B22-90F7-195598D50AD5}.Release|Any CPU.Build.0 = Release|Any CPU
		{BBF01E42-7D72-4DAA-8204-5D4050441C38}.Debug|Any CPU.ActiveCfg = Debug|Any CPU
		{BBF01E42-7D72-4DAA-8204-5D4050441C38}.Debug|Any CPU.Build.0 = Debug|Any CPU
		{BBF01E42-7D72-4DAA-8204-5D4050441C38}.Release|Any CPU.ActiveCfg = Release|Any CPU
		{BBF01E42-7D72-4DAA-8204-5D4050441C38}.Release|Any CPU.Build.0 = Release|Any CPU
		{F6657E89-E4C7-403A-9898-585EA8EE3A30}.Debug|Any CPU.ActiveCfg = Debug|Any CPU
		{F6657E89-E4C7-403A-9898-585EA8EE3A30}.Debug|Any CPU.Build.0 = Debug|Any CPU
		{F6657E89-E4C7-403A-9898-585EA8EE3A30}.Release|Any CPU.ActiveCfg = Release|Any CPU
		{F6657E89-E4C7-403A-9898-585EA8EE3A30}.Release|Any CPU.Build.0 = Release|Any CPU
		{D9ACA3F6-9AA7-42DA-BF6D-C5DE9D169547}.Debug|Any CPU.ActiveCfg = Debug|Any CPU
		{D9ACA3F6-9AA7-42DA-BF6D-C5DE9D169547}.Debug|Any CPU.Build.0 = Debug|Any CPU
		{D9ACA3F6-9AA7-42DA-BF6D-C5DE9D169547}.Release|Any CPU.ActiveCfg = Release|Any CPU
		{D9ACA3F6-9AA7-42DA-BF6D-C5DE9D169547}.Release|Any CPU.Build.0 = Release|Any CPU
		{0040DA13-AE68-4F71-B810-E140DB7987A7}.Debug|Any CPU.ActiveCfg = Debug|Any CPU
		{0040DA13-AE68-4F71-B810-E140DB7987A7}.Debug|Any CPU.Build.0 = Debug|Any CPU
		{0040DA13-AE68-4F71-B810-E140DB7987A7}.Release|Any CPU.ActiveCfg = Release|Any CPU
		{0040DA13-AE68-4F71-B810-E140DB7987A7}.Release|Any CPU.Build.0 = Release|Any CPU
		{A196E820-164F-400C-B0A0-7B08A3754A3E}.Debug|Any CPU.ActiveCfg = Debug|Any CPU
		{A196E820-164F-400C-B0A0-7B08A3754A3E}.Debug|Any CPU.Build.0 = Debug|Any CPU
		{A196E820-164F-400C-B0A0-7B08A3754A3E}.Release|Any CPU.ActiveCfg = Release|Any CPU
		{A196E820-164F-400C-B0A0-7B08A3754A3E}.Release|Any CPU.Build.0 = Release|Any CPU
		{031EFC32-7D87-4BB3-A519-70D9A228A9E4}.Debug|Any CPU.ActiveCfg = Debug|Any CPU
		{031EFC32-7D87-4BB3-A519-70D9A228A9E4}.Debug|Any CPU.Build.0 = Debug|Any CPU
		{031EFC32-7D87-4BB3-A519-70D9A228A9E4}.Release|Any CPU.ActiveCfg = Release|Any CPU
		{031EFC32-7D87-4BB3-A519-70D9A228A9E4}.Release|Any CPU.Build.0 = Release|Any CPU
	EndGlobalSection
	GlobalSection(SolutionProperties) = preSolution
		HideSolutionNode = FALSE
	EndGlobalSection
	GlobalSection(NestedProjects) = preSolution
		{0040DA13-AE68-4F71-B810-E140DB7987A7} = {7F22984A-7723-4734-9186-B22665F1E64D}
		{A196E820-164F-400C-B0A0-7B08A3754A3E} = {7F22984A-7723-4734-9186-B22665F1E64D}
		{031EFC32-7D87-4BB3-A519-70D9A228A9E4} = {7F22984A-7723-4734-9186-B22665F1E64D}
	EndGlobalSection
	GlobalSection(ExtensibilityGlobals) = postSolution
		SolutionGuid = {7BAB527C-01DB-42FD-9BF8-101195F930A3}
	EndGlobalSection
EndGlobal
