
Microsoft Visual Studio Solution File, Format Version 12.00
# Visual Studio Version 16
VisualStudioVersion = 16.0.32802.440
MinimumVisualStudioVersion = 10.0.40219.1
Project("{2150E333-8FDC-42A3-9474-1A3956D46DE8}") = "Facturas", "Facturas", "{0C4D8E37-9C4F-486E-AD1C-6B7759A5749D}"
EndProject
Project("{2150E333-8FDC-42A3-9474-1A3956D46DE8}") = "BoletaHonorarios", "BoletaHonorarios", "{A138F6BB-C21C-41B4-A1F5-7A85FF185894}"
EndProject
Project("{2150E333-8FDC-42A3-9474-1A3956D46DE8}") = "Pago", "Pago", "{D4CD9A90-F774-429A-8160-727906E52DC1}"
EndProject
Project("{2150E333-8FDC-42A3-9474-1A3956D46DE8}") = "microservicios", "microservicios", "{BB2E5644-2B67-42C4-B5FD-10A86708E70B}"
EndProject
Project("{2150E333-8FDC-42A3-9474-1A3956D46DE8}") = "microservicios", "microservicios", "{F5CC4D8C-477C-4E3A-85D5-90924D521611}"
EndProject
Project("{2150E333-8FDC-42A3-9474-1A3956D46DE8}") = "microservicios", "microservicios", "{6001DB5A-BAF1-4A8E-A2B8-A396AE8EB26F}"
EndProject
Project("{2150E333-8FDC-42A3-9474-1A3956D46DE8}") = "Registro", "Registro", "{4D7A5875-3D85-4163-81D3-8DCAE8D88E9D}"
EndProject
Project("{2150E333-8FDC-42A3-9474-1A3956D46DE8}") = "Productos", "Productos", "{2E3FB4F5-0E60-43A5-9BF0-0500413581B9}"
EndProject
Project("{2150E333-8FDC-42A3-9474-1A3956D46DE8}") = "crear", "crear", "{E403FE3C-C54E-4347-9EBB-212C2B347C8F}"
EndProject
Project("{2150E333-8FDC-42A3-9474-1A3956D46DE8}") = "crear", "crear", "{9F804544-7CF1-4B5A-9A68-57D57AD640F9}"
EndProject
Project("{2150E333-8FDC-42A3-9474-1A3956D46DE8}") = "leer", "leer", "{1E0891DF-34E0-4335-981E-12826F87B699}"
EndProject
Project("{2150E333-8FDC-42A3-9474-1A3956D46DE8}") = "leer", "leer", "{7BA9AE60-0ACC-46D7-93E5-55E896081B13}"
EndProject
Project("{9A19103F-16F7-4668-BE54-9A1E7A4F7556}") = "CL.Curso.Boletas.API", "Boletas\CL.Curso.Boletas.API\CL.Curso.Boletas.API.csproj", "{CBCAD065-5B2A-434A-AF30-1E480D30FE29}"
EndProject
Project("{9A19103F-16F7-4668-BE54-9A1E7A4F7556}") = "CL.Curso.Boletas.Domain", "Boletas\CL.Curso.Boletas.Domain\CL.Curso.Boletas.Domain.csproj", "{EE3570EA-A177-4FCE-A129-2BCCF2E8CB5A}"
EndProject
Project("{9A19103F-16F7-4668-BE54-9A1E7A4F7556}") = "CL.Curso.Boletas.Infraestructure", "Boletas\CL.Curso.Boletas.Infraestructura\CL.Curso.Boletas.Infraestructure.csproj", "{4316674D-374C-43AC-9E0B-7A3CE2D293E0}"
EndProject
Project("{9A19103F-16F7-4668-BE54-9A1E7A4F7556}") = "cl.curso.boletas.crear", "Boletas\cl.curso.boletas.crear\cl.curso.boletas.crear.csproj", "{AC145ABB-B33A-4E4A-BB7C-F7DD5D851154}"
EndProject
Project("{9A19103F-16F7-4668-BE54-9A1E7A4F7556}") = "cl.curso.boletas.leer", "Boletas\cl.curso.boletas.leer\cl.curso.boletas.leer.csproj", "{C15A206F-DC9D-43CC-9549-4813D4717DAB}"
EndProject
Project("{9A19103F-16F7-4668-BE54-9A1E7A4F7556}") = "CL.Curso.Facturas.API", "Facturas\CL.Curso.Facturas.API\CL.Curso.Facturas.API.csproj", "{13734655-4284-40E2-9329-ACB51C525A07}"
EndProject
Project("{9A19103F-16F7-4668-BE54-9A1E7A4F7556}") = "cl.curso.facturas.crear", "Facturas\cl.curso.factura.crear\cl.curso.facturas.crear.csproj", "{CC78F677-228B-4F6D-A19B-873E9C2420B0}"
EndProject
Project("{9A19103F-16F7-4668-BE54-9A1E7A4F7556}") = "cl.curso.facturas.leer", "Facturas\cl.curso.facturas.leer\cl.curso.facturas.leer.csproj", "{213A7AB2-334C-436A-82D7-86C319684F86}"
EndProject
Project("{9A19103F-16F7-4668-BE54-9A1E7A4F7556}") = "CL.Curso.Pago.API", "Pago\CL.Curso.Pago.API\CL.Curso.Pago.API.csproj", "{E4CCDF2E-3819-4A05-8AE1-8550864F8E72}"
EndProject
Project("{9A19103F-16F7-4668-BE54-9A1E7A4F7556}") = "CL.Curso.Productos.API", "Productos\CL.Curso.Productos.API\CL.Curso.Productos.API.csproj", "{82C33FFF-2482-45BA-B81C-336CD8E5D35E}"
EndProject
Project("{9A19103F-16F7-4668-BE54-9A1E7A4F7556}") = "CL.Curso.Registro.API", "Registro\CL.Curso.Registro.API\CL.Curso.Registro.API.csproj", "{A3F40298-D8A2-4E26-8F69-BDA6BADF0F69}"
EndProject
Project("{9A19103F-16F7-4668-BE54-9A1E7A4F7556}") = "CL.Curso.Facturas.Domain", "Facturas\CL.Curso.Facturas.Domain\CL.Curso.Facturas.Domain.csproj", "{D84B1FA5-0155-459E-84AA-D5C6FAE29C84}"
EndProject
Project("{9A19103F-16F7-4668-BE54-9A1E7A4F7556}") = "CL.Curso.Pago.Domain", "Pago\CL.Curso.Pago.Domain\CL.Curso.Pago.Domain.csproj", "{E599FC1B-38E7-4DF5-BD8C-BAA2FEF47229}"
EndProject
Project("{9A19103F-16F7-4668-BE54-9A1E7A4F7556}") = "CL.Curso.Pago.Infraestructure", "Pago\CL.Curso.Pago.Infraestructure\CL.Curso.Pago.Infraestructure.csproj", "{0765B8B7-95C8-4C7E-A5C4-7B4D4761C4BC}"
EndProject
Project("{9A19103F-16F7-4668-BE54-9A1E7A4F7556}") = "CL.Curso.Facturas.Infraestructure", "Facturas\CL.Curso.Facturas.Infraestructura\CL.Curso.Facturas.Infraestructure.csproj", "{EEE4937F-774C-44B8-9317-9B6F14CA7614}"
EndProject
Project("{9A19103F-16F7-4668-BE54-9A1E7A4F7556}") = "CL.Curso.Productos.Domain", "Productos\CL.Curso.Productos.Domain\CL.Curso.Productos.Domain.csproj", "{7DAA184A-6504-45D1-A6B8-A66572D49312}"
EndProject
Project("{9A19103F-16F7-4668-BE54-9A1E7A4F7556}") = "CL.Curso.Productos.Infraestructure", "Productos\CL.Curso.Productos.Infraestructure\CL.Curso.Productos.Infraestructure.csproj", "{ED26E651-43E5-4490-9BA6-D3CEAB5D304E}"
EndProject
Project("{9A19103F-16F7-4668-BE54-9A1E7A4F7556}") = "CL.Curso.Registro.Infraestructure", "Registro\CL.Curso.Registro.Infraestructure\CL.Curso.Registro.Infraestructure.csproj", "{DD10DC21-7CDC-4BCD-9BD8-0653762FC5B2}"
EndProject
Project("{9A19103F-16F7-4668-BE54-9A1E7A4F7556}") = "CL.Curso.Registro.Domain", "Registro\CL.Curso.Registro.Domain\CL.Curso.Registro.Domain.csproj", "{A00EBD31-A26A-4C5A-9D08-3068FC99C49C}"
EndProject
Project("{9A19103F-16F7-4668-BE54-9A1E7A4F7556}") = "cl.curso.boletas.crear.domain", "Boletas\cl.curso.boletas.crear.domain\cl.curso.boletas.crear.domain.csproj", "{B8D897A6-0558-4433-9F79-011A168053A3}"
EndProject
Project("{9A19103F-16F7-4668-BE54-9A1E7A4F7556}") = "cl.curso.boletas.crear.infraestructure", "Boletas\cl.curso.boletas.crear.infraestructure\cl.curso.boletas.crear.infraestructure.csproj", "{9F4B419E-5494-4D45-8B27-C0B198A0B76F}"
EndProject
Project("{9A19103F-16F7-4668-BE54-9A1E7A4F7556}") = "cl.curso.boletas.leer.domain", "Boletas\cl.curso.boletas.leer.domain\cl.curso.boletas.leer.domain.csproj", "{2A9075EB-79F3-4E56-8F1D-F714902DE6CE}"
EndProject
Project("{9A19103F-16F7-4668-BE54-9A1E7A4F7556}") = "cl.curso.boletas.leer.infraestructure", "Boletas\cl.curso.boletas.leer.infraestructure\cl.curso.boletas.leer.infraestructure.csproj", "{476B792C-AD22-4EF6-8331-214E544034FF}"
EndProject
Project("{9A19103F-16F7-4668-BE54-9A1E7A4F7556}") = "cl.curso.facturas.crear.domain", "Facturas\cl.curso.facturas.crear.domain\cl.curso.facturas.crear.domain.csproj", "{FD34EE0D-F236-45A8-8AA6-B9275B6B3372}"
EndProject
Project("{9A19103F-16F7-4668-BE54-9A1E7A4F7556}") = "cl.curso.facturas.crear.infraestructure", "Facturas\cl.curso.facturas.crear.infraestructure\cl.curso.facturas.crear.infraestructure.csproj", "{20E9C582-36EB-4FE8-BC6E-09584942AE6F}"
EndProject
Project("{9A19103F-16F7-4668-BE54-9A1E7A4F7556}") = "cl.curso.facturas.leer.domain", "Facturas\cl.curso.facturas.leer.domain\cl.curso.facturas.leer.domain.csproj", "{18118CB6-08F2-49CD-BD45-953EFD7E6E31}"
EndProject
Project("{9A19103F-16F7-4668-BE54-9A1E7A4F7556}") = "cl.curso.facturas.leer.infraestructure", "Facturas\cl.curso.facturas.leer.infraestructure\cl.curso.facturas.leer.infraestructure.csproj", "{04936AF4-9025-4A1D-9CE9-A63A2498AF21}"
EndProject
Global
	GlobalSection(SolutionConfigurationPlatforms) = preSolution
		Debug|Any CPU = Debug|Any CPU
		Release|Any CPU = Release|Any CPU
	EndGlobalSection
	GlobalSection(ProjectConfigurationPlatforms) = postSolution
		{CBCAD065-5B2A-434A-AF30-1E480D30FE29}.Debug|Any CPU.ActiveCfg = Debug|Any CPU
		{CBCAD065-5B2A-434A-AF30-1E480D30FE29}.Debug|Any CPU.Build.0 = Debug|Any CPU
		{CBCAD065-5B2A-434A-AF30-1E480D30FE29}.Release|Any CPU.ActiveCfg = Release|Any CPU
		{CBCAD065-5B2A-434A-AF30-1E480D30FE29}.Release|Any CPU.Build.0 = Release|Any CPU
		{EE3570EA-A177-4FCE-A129-2BCCF2E8CB5A}.Debug|Any CPU.ActiveCfg = Debug|Any CPU
		{EE3570EA-A177-4FCE-A129-2BCCF2E8CB5A}.Debug|Any CPU.Build.0 = Debug|Any CPU
		{EE3570EA-A177-4FCE-A129-2BCCF2E8CB5A}.Release|Any CPU.ActiveCfg = Release|Any CPU
		{EE3570EA-A177-4FCE-A129-2BCCF2E8CB5A}.Release|Any CPU.Build.0 = Release|Any CPU
		{4316674D-374C-43AC-9E0B-7A3CE2D293E0}.Debug|Any CPU.ActiveCfg = Debug|Any CPU
		{4316674D-374C-43AC-9E0B-7A3CE2D293E0}.Debug|Any CPU.Build.0 = Debug|Any CPU
		{4316674D-374C-43AC-9E0B-7A3CE2D293E0}.Release|Any CPU.ActiveCfg = Release|Any CPU
		{4316674D-374C-43AC-9E0B-7A3CE2D293E0}.Release|Any CPU.Build.0 = Release|Any CPU
		{AC145ABB-B33A-4E4A-BB7C-F7DD5D851154}.Debug|Any CPU.ActiveCfg = Debug|Any CPU
		{AC145ABB-B33A-4E4A-BB7C-F7DD5D851154}.Debug|Any CPU.Build.0 = Debug|Any CPU
		{AC145ABB-B33A-4E4A-BB7C-F7DD5D851154}.Release|Any CPU.ActiveCfg = Release|Any CPU
		{AC145ABB-B33A-4E4A-BB7C-F7DD5D851154}.Release|Any CPU.Build.0 = Release|Any CPU
		{C15A206F-DC9D-43CC-9549-4813D4717DAB}.Debug|Any CPU.ActiveCfg = Debug|Any CPU
		{C15A206F-DC9D-43CC-9549-4813D4717DAB}.Debug|Any CPU.Build.0 = Debug|Any CPU
		{C15A206F-DC9D-43CC-9549-4813D4717DAB}.Release|Any CPU.ActiveCfg = Release|Any CPU
		{C15A206F-DC9D-43CC-9549-4813D4717DAB}.Release|Any CPU.Build.0 = Release|Any CPU
		{13734655-4284-40E2-9329-ACB51C525A07}.Debug|Any CPU.ActiveCfg = Debug|Any CPU
		{13734655-4284-40E2-9329-ACB51C525A07}.Debug|Any CPU.Build.0 = Debug|Any CPU
		{13734655-4284-40E2-9329-ACB51C525A07}.Release|Any CPU.ActiveCfg = Release|Any CPU
		{13734655-4284-40E2-9329-ACB51C525A07}.Release|Any CPU.Build.0 = Release|Any CPU
		{CC78F677-228B-4F6D-A19B-873E9C2420B0}.Debug|Any CPU.ActiveCfg = Debug|Any CPU
		{CC78F677-228B-4F6D-A19B-873E9C2420B0}.Debug|Any CPU.Build.0 = Debug|Any CPU
		{CC78F677-228B-4F6D-A19B-873E9C2420B0}.Release|Any CPU.ActiveCfg = Release|Any CPU
		{CC78F677-228B-4F6D-A19B-873E9C2420B0}.Release|Any CPU.Build.0 = Release|Any CPU
		{213A7AB2-334C-436A-82D7-86C319684F86}.Debug|Any CPU.ActiveCfg = Debug|Any CPU
		{213A7AB2-334C-436A-82D7-86C319684F86}.Debug|Any CPU.Build.0 = Debug|Any CPU
		{213A7AB2-334C-436A-82D7-86C319684F86}.Release|Any CPU.ActiveCfg = Release|Any CPU
		{213A7AB2-334C-436A-82D7-86C319684F86}.Release|Any CPU.Build.0 = Release|Any CPU
		{E4CCDF2E-3819-4A05-8AE1-8550864F8E72}.Debug|Any CPU.ActiveCfg = Debug|Any CPU
		{E4CCDF2E-3819-4A05-8AE1-8550864F8E72}.Debug|Any CPU.Build.0 = Debug|Any CPU
		{E4CCDF2E-3819-4A05-8AE1-8550864F8E72}.Release|Any CPU.ActiveCfg = Release|Any CPU
		{E4CCDF2E-3819-4A05-8AE1-8550864F8E72}.Release|Any CPU.Build.0 = Release|Any CPU
		{82C33FFF-2482-45BA-B81C-336CD8E5D35E}.Debug|Any CPU.ActiveCfg = Debug|Any CPU
		{82C33FFF-2482-45BA-B81C-336CD8E5D35E}.Debug|Any CPU.Build.0 = Debug|Any CPU
		{82C33FFF-2482-45BA-B81C-336CD8E5D35E}.Release|Any CPU.ActiveCfg = Release|Any CPU
		{82C33FFF-2482-45BA-B81C-336CD8E5D35E}.Release|Any CPU.Build.0 = Release|Any CPU
		{A3F40298-D8A2-4E26-8F69-BDA6BADF0F69}.Debug|Any CPU.ActiveCfg = Debug|Any CPU
		{A3F40298-D8A2-4E26-8F69-BDA6BADF0F69}.Debug|Any CPU.Build.0 = Debug|Any CPU
		{A3F40298-D8A2-4E26-8F69-BDA6BADF0F69}.Release|Any CPU.ActiveCfg = Release|Any CPU
		{A3F40298-D8A2-4E26-8F69-BDA6BADF0F69}.Release|Any CPU.Build.0 = Release|Any CPU
		{D84B1FA5-0155-459E-84AA-D5C6FAE29C84}.Debug|Any CPU.ActiveCfg = Debug|Any CPU
		{D84B1FA5-0155-459E-84AA-D5C6FAE29C84}.Debug|Any CPU.Build.0 = Debug|Any CPU
		{D84B1FA5-0155-459E-84AA-D5C6FAE29C84}.Release|Any CPU.ActiveCfg = Release|Any CPU
		{D84B1FA5-0155-459E-84AA-D5C6FAE29C84}.Release|Any CPU.Build.0 = Release|Any CPU
		{E599FC1B-38E7-4DF5-BD8C-BAA2FEF47229}.Debug|Any CPU.ActiveCfg = Debug|Any CPU
		{E599FC1B-38E7-4DF5-BD8C-BAA2FEF47229}.Debug|Any CPU.Build.0 = Debug|Any CPU
		{E599FC1B-38E7-4DF5-BD8C-BAA2FEF47229}.Release|Any CPU.ActiveCfg = Release|Any CPU
		{E599FC1B-38E7-4DF5-BD8C-BAA2FEF47229}.Release|Any CPU.Build.0 = Release|Any CPU
		{0765B8B7-95C8-4C7E-A5C4-7B4D4761C4BC}.Debug|Any CPU.ActiveCfg = Debug|Any CPU
		{0765B8B7-95C8-4C7E-A5C4-7B4D4761C4BC}.Debug|Any CPU.Build.0 = Debug|Any CPU
		{0765B8B7-95C8-4C7E-A5C4-7B4D4761C4BC}.Release|Any CPU.ActiveCfg = Release|Any CPU
		{0765B8B7-95C8-4C7E-A5C4-7B4D4761C4BC}.Release|Any CPU.Build.0 = Release|Any CPU
		{EEE4937F-774C-44B8-9317-9B6F14CA7614}.Debug|Any CPU.ActiveCfg = Debug|Any CPU
		{EEE4937F-774C-44B8-9317-9B6F14CA7614}.Debug|Any CPU.Build.0 = Debug|Any CPU
		{EEE4937F-774C-44B8-9317-9B6F14CA7614}.Release|Any CPU.ActiveCfg = Release|Any CPU
		{EEE4937F-774C-44B8-9317-9B6F14CA7614}.Release|Any CPU.Build.0 = Release|Any CPU
		{7DAA184A-6504-45D1-A6B8-A66572D49312}.Debug|Any CPU.ActiveCfg = Debug|Any CPU
		{7DAA184A-6504-45D1-A6B8-A66572D49312}.Debug|Any CPU.Build.0 = Debug|Any CPU
		{7DAA184A-6504-45D1-A6B8-A66572D49312}.Release|Any CPU.ActiveCfg = Release|Any CPU
		{7DAA184A-6504-45D1-A6B8-A66572D49312}.Release|Any CPU.Build.0 = Release|Any CPU
		{ED26E651-43E5-4490-9BA6-D3CEAB5D304E}.Debug|Any CPU.ActiveCfg = Debug|Any CPU
		{ED26E651-43E5-4490-9BA6-D3CEAB5D304E}.Debug|Any CPU.Build.0 = Debug|Any CPU
		{ED26E651-43E5-4490-9BA6-D3CEAB5D304E}.Release|Any CPU.ActiveCfg = Release|Any CPU
		{ED26E651-43E5-4490-9BA6-D3CEAB5D304E}.Release|Any CPU.Build.0 = Release|Any CPU
		{DD10DC21-7CDC-4BCD-9BD8-0653762FC5B2}.Debug|Any CPU.ActiveCfg = Debug|Any CPU
		{DD10DC21-7CDC-4BCD-9BD8-0653762FC5B2}.Debug|Any CPU.Build.0 = Debug|Any CPU
		{DD10DC21-7CDC-4BCD-9BD8-0653762FC5B2}.Release|Any CPU.ActiveCfg = Release|Any CPU
		{DD10DC21-7CDC-4BCD-9BD8-0653762FC5B2}.Release|Any CPU.Build.0 = Release|Any CPU
		{A00EBD31-A26A-4C5A-9D08-3068FC99C49C}.Debug|Any CPU.ActiveCfg = Debug|Any CPU
		{A00EBD31-A26A-4C5A-9D08-3068FC99C49C}.Debug|Any CPU.Build.0 = Debug|Any CPU
		{A00EBD31-A26A-4C5A-9D08-3068FC99C49C}.Release|Any CPU.ActiveCfg = Release|Any CPU
		{A00EBD31-A26A-4C5A-9D08-3068FC99C49C}.Release|Any CPU.Build.0 = Release|Any CPU
		{B8D897A6-0558-4433-9F79-011A168053A3}.Debug|Any CPU.ActiveCfg = Debug|Any CPU
		{B8D897A6-0558-4433-9F79-011A168053A3}.Debug|Any CPU.Build.0 = Debug|Any CPU
		{B8D897A6-0558-4433-9F79-011A168053A3}.Release|Any CPU.ActiveCfg = Release|Any CPU
		{B8D897A6-0558-4433-9F79-011A168053A3}.Release|Any CPU.Build.0 = Release|Any CPU
		{9F4B419E-5494-4D45-8B27-C0B198A0B76F}.Debug|Any CPU.ActiveCfg = Debug|Any CPU
		{9F4B419E-5494-4D45-8B27-C0B198A0B76F}.Debug|Any CPU.Build.0 = Debug|Any CPU
		{9F4B419E-5494-4D45-8B27-C0B198A0B76F}.Release|Any CPU.ActiveCfg = Release|Any CPU
		{9F4B419E-5494-4D45-8B27-C0B198A0B76F}.Release|Any CPU.Build.0 = Release|Any CPU
		{2A9075EB-79F3-4E56-8F1D-F714902DE6CE}.Debug|Any CPU.ActiveCfg = Debug|Any CPU
		{2A9075EB-79F3-4E56-8F1D-F714902DE6CE}.Debug|Any CPU.Build.0 = Debug|Any CPU
		{2A9075EB-79F3-4E56-8F1D-F714902DE6CE}.Release|Any CPU.ActiveCfg = Release|Any CPU
		{2A9075EB-79F3-4E56-8F1D-F714902DE6CE}.Release|Any CPU.Build.0 = Release|Any CPU
		{476B792C-AD22-4EF6-8331-214E544034FF}.Debug|Any CPU.ActiveCfg = Debug|Any CPU
		{476B792C-AD22-4EF6-8331-214E544034FF}.Debug|Any CPU.Build.0 = Debug|Any CPU
		{476B792C-AD22-4EF6-8331-214E544034FF}.Release|Any CPU.ActiveCfg = Release|Any CPU
		{476B792C-AD22-4EF6-8331-214E544034FF}.Release|Any CPU.Build.0 = Release|Any CPU
		{FD34EE0D-F236-45A8-8AA6-B9275B6B3372}.Debug|Any CPU.ActiveCfg = Debug|Any CPU
		{FD34EE0D-F236-45A8-8AA6-B9275B6B3372}.Debug|Any CPU.Build.0 = Debug|Any CPU
		{FD34EE0D-F236-45A8-8AA6-B9275B6B3372}.Release|Any CPU.ActiveCfg = Release|Any CPU
		{FD34EE0D-F236-45A8-8AA6-B9275B6B3372}.Release|Any CPU.Build.0 = Release|Any CPU
		{20E9C582-36EB-4FE8-BC6E-09584942AE6F}.Debug|Any CPU.ActiveCfg = Debug|Any CPU
		{20E9C582-36EB-4FE8-BC6E-09584942AE6F}.Debug|Any CPU.Build.0 = Debug|Any CPU
		{20E9C582-36EB-4FE8-BC6E-09584942AE6F}.Release|Any CPU.ActiveCfg = Release|Any CPU
		{20E9C582-36EB-4FE8-BC6E-09584942AE6F}.Release|Any CPU.Build.0 = Release|Any CPU
		{18118CB6-08F2-49CD-BD45-953EFD7E6E31}.Debug|Any CPU.ActiveCfg = Debug|Any CPU
		{18118CB6-08F2-49CD-BD45-953EFD7E6E31}.Debug|Any CPU.Build.0 = Debug|Any CPU
		{18118CB6-08F2-49CD-BD45-953EFD7E6E31}.Release|Any CPU.ActiveCfg = Release|Any CPU
		{18118CB6-08F2-49CD-BD45-953EFD7E6E31}.Release|Any CPU.Build.0 = Release|Any CPU
		{04936AF4-9025-4A1D-9CE9-A63A2498AF21}.Debug|Any CPU.ActiveCfg = Debug|Any CPU
		{04936AF4-9025-4A1D-9CE9-A63A2498AF21}.Debug|Any CPU.Build.0 = Debug|Any CPU
		{04936AF4-9025-4A1D-9CE9-A63A2498AF21}.Release|Any CPU.ActiveCfg = Release|Any CPU
		{04936AF4-9025-4A1D-9CE9-A63A2498AF21}.Release|Any CPU.Build.0 = Release|Any CPU
	EndGlobalSection
	GlobalSection(SolutionProperties) = preSolution
		HideSolutionNode = FALSE
	EndGlobalSection
	GlobalSection(NestedProjects) = preSolution
		{BB2E5644-2B67-42C4-B5FD-10A86708E70B} = {A138F6BB-C21C-41B4-A1F5-7A85FF185894}
		{F5CC4D8C-477C-4E3A-85D5-90924D521611} = {0C4D8E37-9C4F-486E-AD1C-6B7759A5749D}
		{6001DB5A-BAF1-4A8E-A2B8-A396AE8EB26F} = {D4CD9A90-F774-429A-8160-727906E52DC1}
		{E403FE3C-C54E-4347-9EBB-212C2B347C8F} = {BB2E5644-2B67-42C4-B5FD-10A86708E70B}
		{9F804544-7CF1-4B5A-9A68-57D57AD640F9} = {F5CC4D8C-477C-4E3A-85D5-90924D521611}
		{1E0891DF-34E0-4335-981E-12826F87B699} = {F5CC4D8C-477C-4E3A-85D5-90924D521611}
		{7BA9AE60-0ACC-46D7-93E5-55E896081B13} = {BB2E5644-2B67-42C4-B5FD-10A86708E70B}
		{CBCAD065-5B2A-434A-AF30-1E480D30FE29} = {A138F6BB-C21C-41B4-A1F5-7A85FF185894}
		{EE3570EA-A177-4FCE-A129-2BCCF2E8CB5A} = {A138F6BB-C21C-41B4-A1F5-7A85FF185894}
		{4316674D-374C-43AC-9E0B-7A3CE2D293E0} = {A138F6BB-C21C-41B4-A1F5-7A85FF185894}
		{AC145ABB-B33A-4E4A-BB7C-F7DD5D851154} = {E403FE3C-C54E-4347-9EBB-212C2B347C8F}
		{C15A206F-DC9D-43CC-9549-4813D4717DAB} = {7BA9AE60-0ACC-46D7-93E5-55E896081B13}
		{13734655-4284-40E2-9329-ACB51C525A07} = {0C4D8E37-9C4F-486E-AD1C-6B7759A5749D}
		{CC78F677-228B-4F6D-A19B-873E9C2420B0} = {9F804544-7CF1-4B5A-9A68-57D57AD640F9}
		{213A7AB2-334C-436A-82D7-86C319684F86} = {1E0891DF-34E0-4335-981E-12826F87B699}
		{E4CCDF2E-3819-4A05-8AE1-8550864F8E72} = {D4CD9A90-F774-429A-8160-727906E52DC1}
		{82C33FFF-2482-45BA-B81C-336CD8E5D35E} = {2E3FB4F5-0E60-43A5-9BF0-0500413581B9}
		{A3F40298-D8A2-4E26-8F69-BDA6BADF0F69} = {4D7A5875-3D85-4163-81D3-8DCAE8D88E9D}
		{D84B1FA5-0155-459E-84AA-D5C6FAE29C84} = {0C4D8E37-9C4F-486E-AD1C-6B7759A5749D}
		{E599FC1B-38E7-4DF5-BD8C-BAA2FEF47229} = {D4CD9A90-F774-429A-8160-727906E52DC1}
		{0765B8B7-95C8-4C7E-A5C4-7B4D4761C4BC} = {D4CD9A90-F774-429A-8160-727906E52DC1}
		{EEE4937F-774C-44B8-9317-9B6F14CA7614} = {0C4D8E37-9C4F-486E-AD1C-6B7759A5749D}
		{7DAA184A-6504-45D1-A6B8-A66572D49312} = {2E3FB4F5-0E60-43A5-9BF0-0500413581B9}
		{ED26E651-43E5-4490-9BA6-D3CEAB5D304E} = {2E3FB4F5-0E60-43A5-9BF0-0500413581B9}
		{DD10DC21-7CDC-4BCD-9BD8-0653762FC5B2} = {4D7A5875-3D85-4163-81D3-8DCAE8D88E9D}
		{A00EBD31-A26A-4C5A-9D08-3068FC99C49C} = {4D7A5875-3D85-4163-81D3-8DCAE8D88E9D}
		{B8D897A6-0558-4433-9F79-011A168053A3} = {E403FE3C-C54E-4347-9EBB-212C2B347C8F}
		{9F4B419E-5494-4D45-8B27-C0B198A0B76F} = {E403FE3C-C54E-4347-9EBB-212C2B347C8F}
		{2A9075EB-79F3-4E56-8F1D-F714902DE6CE} = {7BA9AE60-0ACC-46D7-93E5-55E896081B13}
		{476B792C-AD22-4EF6-8331-214E544034FF} = {7BA9AE60-0ACC-46D7-93E5-55E896081B13}
		{FD34EE0D-F236-45A8-8AA6-B9275B6B3372} = {9F804544-7CF1-4B5A-9A68-57D57AD640F9}
		{20E9C582-36EB-4FE8-BC6E-09584942AE6F} = {9F804544-7CF1-4B5A-9A68-57D57AD640F9}
		{18118CB6-08F2-49CD-BD45-953EFD7E6E31} = {1E0891DF-34E0-4335-981E-12826F87B699}
		{04936AF4-9025-4A1D-9CE9-A63A2498AF21} = {1E0891DF-34E0-4335-981E-12826F87B699}
	EndGlobalSection
	GlobalSection(ExtensibilityGlobals) = postSolution
		SolutionGuid = {FEEFB508-FBA2-49E4-9CB2-639501E71D06}
	EndGlobalSection
EndGlobal
